
Microsoft Visual Studio Solution File, Format Version 12.00
# Visual Studio Version 17
VisualStudioVersion = 17.7.34024.191
MinimumVisualStudioVersion = 10.0.40219.1
Project("{9A19103F-16F7-4668-BE54-9A1E7A4F7556}") = "Model", "Model\Model.csproj", "{F95AA96F-F4E6-4960-ABA4-90BE170D3755}"
EndProject
Project("{9A19103F-16F7-4668-BE54-9A1E7A4F7556}") = "ViewModel", "ViewModel\ViewModel.csproj", "{ED32363B-7008-4BC0-A36B-AA480EDA20E6}"
EndProject
Project("{9A19103F-16F7-4668-BE54-9A1E7A4F7556}") = "checkTest", "checkTest\checkTest.csproj", "{9A63798D-6D2A-44B9-9A74-E4EC0E79EE9A}"
EndProject
Project("{9A19103F-16F7-4668-BE54-9A1E7A4F7556}") = "ApiMoveSpot", "ApiMoveSpot\ApiMoveSpot.csproj", "{00EE28C7-A023-4FA9-A081-B3E661029E09}"
EndProject
Project("{FAE04EC0-301F-11D3-BF4B-00C04F79EFBC}") = "ServiceApiMoveSpot", "ServiceApiMoveSpot\ServiceApiMoveSpot.csproj", "{7AF4FCA2-54B6-4D5A-BE2F-4858BF012F7C}"
EndProject
Global
	GlobalSection(SolutionConfigurationPlatforms) = preSolution
		Debug|Any CPU = Debug|Any CPU
		Release|Any CPU = Release|Any CPU
	EndGlobalSection
	GlobalSection(ProjectConfigurationPlatforms) = postSolution
		{F95AA96F-F4E6-4960-ABA4-90BE170D3755}.Debug|Any CPU.ActiveCfg = Debug|Any CPU
		{F95AA96F-F4E6-4960-ABA4-90BE170D3755}.Debug|Any CPU.Build.0 = Debug|Any CPU
		{F95AA96F-F4E6-4960-ABA4-90BE170D3755}.Release|Any CPU.ActiveCfg = Release|Any CPU
		{F95AA96F-F4E6-4960-ABA4-90BE170D3755}.Release|Any CPU.Build.0 = Release|Any CPU
		{ED32363B-7008-4BC0-A36B-AA480EDA20E6}.Debug|Any CPU.ActiveCfg = Debug|Any CPU
		{ED32363B-7008-4BC0-A36B-AA480EDA20E6}.Debug|Any CPU.Build.0 = Debug|Any CPU
		{ED32363B-7008-4BC0-A36B-AA480EDA20E6}.Release|Any CPU.ActiveCfg = Release|Any CPU
		{ED32363B-7008-4BC0-A36B-AA480EDA20E6}.Release|Any CPU.Build.0 = Release|Any CPU
		{9A63798D-6D2A-44B9-9A74-E4EC0E79EE9A}.Debug|Any CPU.ActiveCfg = Debug|Any CPU
		{9A63798D-6D2A-44B9-9A74-E4EC0E79EE9A}.Debug|Any CPU.Build.0 = Debug|Any CPU
		{9A63798D-6D2A-44B9-9A74-E4EC0E79EE9A}.Release|Any CPU.ActiveCfg = Release|Any CPU
		{9A63798D-6D2A-44B9-9A74-E4EC0E79EE9A}.Release|Any CPU.Build.0 = Release|Any CPU
		{00EE28C7-A023-4FA9-A081-B3E661029E09}.Debug|Any CPU.ActiveCfg = Debug|Any CPU
		{00EE28C7-A023-4FA9-A081-B3E661029E09}.Debug|Any CPU.Build.0 = Debug|Any CPU
		{00EE28C7-A023-4FA9-A081-B3E661029E09}.Release|Any CPU.ActiveCfg = Release|Any CPU
		{00EE28C7-A023-4FA9-A081-B3E661029E09}.Release|Any CPU.Build.0 = Release|Any CPU
		{7AF4FCA2-54B6-4D5A-BE2F-4858BF012F7C}.Debug|Any CPU.ActiveCfg = Debug|Any CPU
		{7AF4FCA2-54B6-4D5A-BE2F-4858BF012F7C}.Debug|Any CPU.Build.0 = Debug|Any CPU
		{7AF4FCA2-54B6-4D5A-BE2F-4858BF012F7C}.Release|Any CPU.ActiveCfg = Release|Any CPU
		{7AF4FCA2-54B6-4D5A-BE2F-4858BF012F7C}.Release|Any CPU.Build.0 = Release|Any CPU
	EndGlobalSection
	GlobalSection(SolutionProperties) = preSolution
		HideSolutionNode = FALSE
	EndGlobalSection
	GlobalSection(ExtensibilityGlobals) = postSolution
		SolutionGuid = {A00B6C80-01C5-4BF2-B1E8-C06D6E68E6E3}
	EndGlobalSection
EndGlobal
